// !$*UTF8*$!
{
	archiveVersion = 1;
	classes = {
	};
	objectVersion = 48;
	objects = {

/* Begin PBXBuildFile section */
		E103661220568D7900F3C0C9 /* SceneStateMachine.cpp in Sources */ = {isa = PBXBuildFile; fileRef = E103661020568D7900F3C0C9 /* SceneStateMachine.cpp */; };
		E104F98B2123702B0002EA95 /* magecity.png in Resources */ = {isa = PBXBuildFile; fileRef = E104F98A2123702B0002EA95 /* magecity.png */; };
		E10BAA812052BB7900532801 /* Bitmask.cpp in Sources */ = {isa = PBXBuildFile; fileRef = E10BAA7F2052BB7900532801 /* Bitmask.cpp */; };
		E134531320F3BB11003B6C27 /* Debug.cpp in Sources */ = {isa = PBXBuildFile; fileRef = E134531120F3BB11003B6C27 /* Debug.cpp */; };
		E163250E2138601000A31AA3 /* C_RemoveObjectOnCollisionEnter.cpp in Sources */ = {isa = PBXBuildFile; fileRef = E163250C2138601000A31AA3 /* C_RemoveObjectOnCollisionEnter.cpp */; };
		E16839092121E1140051E440 /* Player.png in Resources */ = {isa = PBXBuildFile; fileRef = E16839082121E1130051E440 /* Player.png */; };
		E16867592028AB910099B64D /* Main.cpp in Sources */ = {isa = PBXBuildFile; fileRef = E16867582028AB910099B64D /* Main.cpp */; };
		E168675C2028AC9C0099B64D /* Game.cpp in Sources */ = {isa = PBXBuildFile; fileRef = E168675A2028AC9C0099B64D /* Game.cpp */; };
		E16867612028B66C0099B64D /* WorkingDirectory.hpp in Sources */ = {isa = PBXBuildFile; fileRef = E16867472028AA620099B64D /* WorkingDirectory.hpp */; };
		E1686766202B39510099B64D /* CoreFoundation.framework in Frameworks */ = {isa = PBXBuildFile; fileRef = E1686765202B39510099B64D /* CoreFoundation.framework */; };
		E1686768202B3CCB0099B64D /* WorkingDirectory.cpp in Sources */ = {isa = PBXBuildFile; fileRef = E1686767202B3CCB0099B64D /* WorkingDirectory.cpp */; };
		E168676B202B56EB0099B64D /* Window.cpp in Sources */ = {isa = PBXBuildFile; fileRef = E1686769202B56EB0099B64D /* Window.cpp */; };
		E1712FB1202CC85E0087F4B1 /* Input.cpp in Sources */ = {isa = PBXBuildFile; fileRef = E1712FAF202CC85E0087F4B1 /* Input.cpp */; };
		E18C756A2136A3D4003997B1 /* C_Direction.cpp in Sources */ = {isa = PBXBuildFile; fileRef = E18C75682136A3D4003997B1 /* C_Direction.cpp */; };
		E1911E4720593F9D000C8851 /* Object.cpp in Sources */ = {isa = PBXBuildFile; fileRef = E1911E4520593F9D000C8851 /* Object.cpp */; };
		E1911E4F205958CB000C8851 /* C_Sprite.cpp in Sources */ = {isa = PBXBuildFile; fileRef = E1911E4D205958CB000C8851 /* C_Sprite.cpp */; };
		E1911E5520595F2A000C8851 /* C_Transform.cpp in Sources */ = {isa = PBXBuildFile; fileRef = E1911E5320595F2A000C8851 /* C_Transform.cpp */; };
		E1911E58205966C1000C8851 /* C_KeyboardMovement.cpp in Sources */ = {isa = PBXBuildFile; fileRef = E1911E56205966C1000C8851 /* C_KeyboardMovement.cpp */; };
		E1A5ABDC20E15789001A90A3 /* Red Square.png in Resources */ = {isa = PBXBuildFile; fileRef = E1A5ABDB20E15789001A90A3 /* Red Square.png */; };
		E1A8BB0720F0BDA20009CFFB /* C_Collider.cpp in Sources */ = {isa = PBXBuildFile; fileRef = E1A8BB0520F0BDA20009CFFB /* C_Collider.cpp */; };
		E1A8BB0A20F0BF9D0009CFFB /* C_BoxCollider.cpp in Sources */ = {isa = PBXBuildFile; fileRef = E1A8BB0820F0BF9D0009CFFB /* C_BoxCollider.cpp */; };
		E1A8BB1020F0F95D0009CFFB /* Quadtree.cpp in Sources */ = {isa = PBXBuildFile; fileRef = E1A8BB0E20F0F95D0009CFFB /* Quadtree.cpp */; };
		E1A8BB1320F10B230009CFFB /* C_InstanceID.cpp in Sources */ = {isa = PBXBuildFile; fileRef = E1A8BB1120F10B230009CFFB /* C_InstanceID.cpp */; };
		E1A8BB1920F1160D0009CFFB /* S_Collidable.cpp in Sources */ = {isa = PBXBuildFile; fileRef = E1A8BB1720F1160D0009CFFB /* S_Collidable.cpp */; };
		E1B2245C21236FC5009F19C1 /* Path.tmx in Resources */ = {isa = PBXBuildFile; fileRef = E1B2245621236FC4009F19C1 /* Path.tmx */; };
		E1B2245E21236FC5009F19C1 /* City.tmx in Resources */ = {isa = PBXBuildFile; fileRef = E1B2245821236FC5009F19C1 /* City.tmx */; };
		E1B2245F21236FC5009F19C1 /* House Exterior.tmx in Resources */ = {isa = PBXBuildFile; fileRef = E1B2245921236FC5009F19C1 /* House Exterior.tmx */; };
		E1B2246021236FC5009F19C1 /* House Interior.tmx in Resources */ = {isa = PBXBuildFile; fileRef = E1B2245A21236FC5009F19C1 /* House Interior.tmx */; };
		E1BFB56F208E327500E2AB24 /* TileMapParser.cpp in Sources */ = {isa = PBXBuildFile; fileRef = E1BFB56D208E327500E2AB24 /* TileMapParser.cpp */; };
		E1C29B1021349E630067816E /* C_ProjectileAttack.cpp in Sources */ = {isa = PBXBuildFile; fileRef = E1C29B0E21349E630067816E /* C_ProjectileAttack.cpp */; };
		E1C29B132134A6760067816E /* C_Velocity.cpp in Sources */ = {isa = PBXBuildFile; fileRef = E1C29B112134A6760067816E /* C_Velocity.cpp */; };
		E1C29B162134ADA70067816E /* C_MovementAnimation.cpp in Sources */ = {isa = PBXBuildFile; fileRef = E1C29B142134ADA70067816E /* C_MovementAnimation.cpp */; };
		E1C9BC59205A5E8E0074A696 /* ObjectCollection.cpp in Sources */ = {isa = PBXBuildFile; fileRef = E1C9BC57205A5E8E0074A696 /* ObjectCollection.cpp */; };
		E1CAFF232122E72300617A9E /* LPC in Resources */ = {isa = PBXBuildFile; fileRef = E1CAFF222122E72200617A9E /* LPC */; };
		E1CC41B420EFE9410066FB67 /* S_Drawable.cpp in Sources */ = {isa = PBXBuildFile; fileRef = E1CC41B220EFE9410066FB67 /* S_Drawable.cpp */; };
		E1CC41B820EFE9750066FB67 /* C_Drawable.cpp in Sources */ = {isa = PBXBuildFile; fileRef = E1CC41B620EFE9750066FB67 /* C_Drawable.cpp */; };
		E1CEC85F21218A440018BA16 /* C_Camera.cpp in Sources */ = {isa = PBXBuildFile; fileRef = E1CEC85D21218A440018BA16 /* C_Camera.cpp */; };
		E1DD500A2056CDB700B96459 /* SceneSplashScreen.cpp in Sources */ = {isa = PBXBuildFile; fileRef = E1DD50082056CDB700B96459 /* SceneSplashScreen.cpp */; };
		E1DD500F2056D4A200B96459 /* SceneGame.cpp in Sources */ = {isa = PBXBuildFile; fileRef = E1DD500D2056D4A200B96459 /* SceneGame.cpp */; };
		E1DD50112056DA4D00B96459 /* that_games_guy_logo.png in Resources */ = {isa = PBXBuildFile; fileRef = E1DD50102056DA4D00B96459 /* that_games_guy_logo.png */; };
		E1E8058F207952B600EF4B2A /* Animation.cpp in Sources */ = {isa = PBXBuildFile; fileRef = E1E8058D207952B600EF4B2A /* Animation.cpp */; };
		E1E8059220795ABB00EF4B2A /* C_Animation.cpp in Sources */ = {isa = PBXBuildFile; fileRef = E1E8059020795ABB00EF4B2A /* C_Animation.cpp */; };
/* End PBXBuildFile section */

/* Begin PBXFileReference section */
		E103660E20568CD900F3C0C9 /* Scene.hpp */ = {isa = PBXFileReference; lastKnownFileType = sourcecode.cpp.h; path = Scene.hpp; sourceTree = "<group>"; };
		E103661020568D7900F3C0C9 /* SceneStateMachine.cpp */ = {isa = PBXFileReference; lastKnownFileType = sourcecode.cpp.cpp; path = SceneStateMachine.cpp; sourceTree = "<group>"; };
		E103661120568D7900F3C0C9 /* SceneStateMachine.hpp */ = {isa = PBXFileReference; lastKnownFileType = sourcecode.cpp.h; path = SceneStateMachine.hpp; sourceTree = "<group>"; };
		E104F98A2123702B0002EA95 /* magecity.png */ = {isa = PBXFileReference; lastKnownFileType = image.png; path = magecity.png; sourceTree = "<group>"; };
		E10BAA7F2052BB7900532801 /* Bitmask.cpp */ = {isa = PBXFileReference; lastKnownFileType = sourcecode.cpp.cpp; path = Bitmask.cpp; sourceTree = "<group>"; };
		E10BAA802052BB7900532801 /* Bitmask.hpp */ = {isa = PBXFileReference; lastKnownFileType = sourcecode.cpp.h; path = Bitmask.hpp; sourceTree = "<group>"; };
		E11921D72135953600A031A3 /* SharedContext.hpp */ = {isa = PBXFileReference; lastKnownFileType = sourcecode.cpp.h; path = SharedContext.hpp; sourceTree = "<group>"; };
		E134531120F3BB11003B6C27 /* Debug.cpp */ = {isa = PBXFileReference; lastKnownFileType = sourcecode.cpp.cpp; path = Debug.cpp; sourceTree = "<group>"; };
		E134531220F3BB11003B6C27 /* Debug.hpp */ = {isa = PBXFileReference; lastKnownFileType = sourcecode.cpp.h; path = Debug.hpp; sourceTree = "<group>"; };
		E14D5A3420D92B7500E54559 /* Tile.h */ = {isa = PBXFileReference; lastKnownFileType = sourcecode.c.h; path = Tile.h; sourceTree = "<group>"; };
		E151B2342137EAA900BFE27A /* EnumClassHash.hpp */ = {isa = PBXFileReference; lastKnownFileType = sourcecode.cpp.h; path = EnumClassHash.hpp; sourceTree = "<group>"; };
		E151B2372138007600BFE27A /* C_Collidable.hpp */ = {isa = PBXFileReference; lastKnownFileType = sourcecode.cpp.h; path = C_Collidable.hpp; sourceTree = "<group>"; };
		E163250A213826AB00A31AA3 /* ComponentPairHash.hpp */ = {isa = PBXFileReference; lastKnownFileType = sourcecode.cpp.h; path = ComponentPairHash.hpp; sourceTree = "<group>"; };
		E163250C2138601000A31AA3 /* C_RemoveObjectOnCollisionEnter.cpp */ = {isa = PBXFileReference; lastKnownFileType = sourcecode.cpp.cpp; path = C_RemoveObjectOnCollisionEnter.cpp; sourceTree = "<group>"; };
		E163250D2138601000A31AA3 /* C_RemoveObjectOnCollisionEnter.hpp */ = {isa = PBXFileReference; lastKnownFileType = sourcecode.cpp.h; path = C_RemoveObjectOnCollisionEnter.hpp; sourceTree = "<group>"; };
		E16839082121E1130051E440 /* Player.png */ = {isa = PBXFileReference; lastKnownFileType = image.png; path = Player.png; sourceTree = "<group>"; };
		E16867402028AA620099B64D /* that game engine.app */ = {isa = PBXFileReference; explicitFileType = wrapper.application; includeInIndex = 0; path = "that game engine.app"; sourceTree = BUILT_PRODUCTS_DIR; };
		E16867442028AA620099B64D /* that game engine-Info.plist */ = {isa = PBXFileReference; lastKnownFileType = text.plist.xml; path = "that game engine-Info.plist"; sourceTree = "<group>"; };
		E16867472028AA620099B64D /* WorkingDirectory.hpp */ = {isa = PBXFileReference; lastKnownFileType = sourcecode.cpp.h; path = WorkingDirectory.hpp; sourceTree = "<group>"; };
		E16867582028AB910099B64D /* Main.cpp */ = {isa = PBXFileReference; lastKnownFileType = sourcecode.cpp.cpp; path = Main.cpp; sourceTree = "<group>"; };
		E168675A2028AC9C0099B64D /* Game.cpp */ = {isa = PBXFileReference; lastKnownFileType = sourcecode.cpp.cpp; path = Game.cpp; sourceTree = "<group>"; };
		E168675B2028AC9C0099B64D /* Game.hpp */ = {isa = PBXFileReference; lastKnownFileType = sourcecode.cpp.h; path = Game.hpp; sourceTree = "<group>"; };
		E1686765202B39510099B64D /* CoreFoundation.framework */ = {isa = PBXFileReference; lastKnownFileType = wrapper.framework; name = CoreFoundation.framework; path = System/Library/Frameworks/CoreFoundation.framework; sourceTree = SDKROOT; };
		E1686767202B3CCB0099B64D /* WorkingDirectory.cpp */ = {isa = PBXFileReference; lastKnownFileType = sourcecode.cpp.cpp; path = WorkingDirectory.cpp; sourceTree = "<group>"; };
		E1686769202B56EB0099B64D /* Window.cpp */ = {isa = PBXFileReference; lastKnownFileType = sourcecode.cpp.cpp; path = Window.cpp; sourceTree = "<group>"; };
		E168676A202B56EB0099B64D /* Window.hpp */ = {isa = PBXFileReference; lastKnownFileType = sourcecode.cpp.h; path = Window.hpp; sourceTree = "<group>"; };
		E1712FAF202CC85E0087F4B1 /* Input.cpp */ = {isa = PBXFileReference; lastKnownFileType = sourcecode.cpp.cpp; path = Input.cpp; sourceTree = "<group>"; };
		E1712FB0202CC85E0087F4B1 /* Input.hpp */ = {isa = PBXFileReference; lastKnownFileType = sourcecode.cpp.h; path = Input.hpp; sourceTree = "<group>"; };
		E18C75682136A3D4003997B1 /* C_Direction.cpp */ = {isa = PBXFileReference; lastKnownFileType = sourcecode.cpp.cpp; path = C_Direction.cpp; sourceTree = "<group>"; };
		E18C75692136A3D4003997B1 /* C_Direction.hpp */ = {isa = PBXFileReference; lastKnownFileType = sourcecode.cpp.h; path = C_Direction.hpp; sourceTree = "<group>"; };
		E1911E4520593F9D000C8851 /* Object.cpp */ = {isa = PBXFileReference; lastKnownFileType = sourcecode.cpp.cpp; path = Object.cpp; sourceTree = "<group>"; };
		E1911E4620593F9D000C8851 /* Object.hpp */ = {isa = PBXFileReference; lastKnownFileType = sourcecode.cpp.h; path = Object.hpp; sourceTree = "<group>"; };
		E1911E492059424C000C8851 /* Component.hpp */ = {isa = PBXFileReference; lastKnownFileType = sourcecode.cpp.h; path = Component.hpp; sourceTree = "<group>"; };
		E1911E4D205958CB000C8851 /* C_Sprite.cpp */ = {isa = PBXFileReference; lastKnownFileType = sourcecode.cpp.cpp; path = C_Sprite.cpp; sourceTree = "<group>"; };
		E1911E4E205958CB000C8851 /* C_Sprite.hpp */ = {isa = PBXFileReference; lastKnownFileType = sourcecode.cpp.h; path = C_Sprite.hpp; sourceTree = "<group>"; };
		E1911E5320595F2A000C8851 /* C_Transform.cpp */ = {isa = PBXFileReference; lastKnownFileType = sourcecode.cpp.cpp; path = C_Transform.cpp; sourceTree = "<group>"; };
		E1911E5420595F2A000C8851 /* C_Transform.hpp */ = {isa = PBXFileReference; lastKnownFileType = sourcecode.cpp.h; path = C_Transform.hpp; sourceTree = "<group>"; };
		E1911E56205966C1000C8851 /* C_KeyboardMovement.cpp */ = {isa = PBXFileReference; lastKnownFileType = sourcecode.cpp.cpp; path = C_KeyboardMovement.cpp; sourceTree = "<group>"; };
		E1911E57205966C1000C8851 /* C_KeyboardMovement.hpp */ = {isa = PBXFileReference; lastKnownFileType = sourcecode.cpp.h; path = C_KeyboardMovement.hpp; sourceTree = "<group>"; };
		E1A4CEE02059ABFD007C89F8 /* ResourceAllocator.hpp */ = {isa = PBXFileReference; lastKnownFileType = sourcecode.cpp.h; path = ResourceAllocator.hpp; sourceTree = "<group>"; };
		E1A5ABDB20E15789001A90A3 /* Red Square.png */ = {isa = PBXFileReference; lastKnownFileType = image.png; path = "Red Square.png"; sourceTree = "<group>"; };
		E1A8BB0520F0BDA20009CFFB /* C_Collider.cpp */ = {isa = PBXFileReference; lastKnownFileType = sourcecode.cpp.cpp; path = C_Collider.cpp; sourceTree = "<group>"; };
		E1A8BB0620F0BDA20009CFFB /* C_Collider.hpp */ = {isa = PBXFileReference; lastKnownFileType = sourcecode.cpp.h; path = C_Collider.hpp; sourceTree = "<group>"; };
		E1A8BB0820F0BF9D0009CFFB /* C_BoxCollider.cpp */ = {isa = PBXFileReference; lastKnownFileType = sourcecode.cpp.cpp; path = C_BoxCollider.cpp; sourceTree = "<group>"; };
		E1A8BB0920F0BF9D0009CFFB /* C_BoxCollider.hpp */ = {isa = PBXFileReference; lastKnownFileType = sourcecode.cpp.h; path = C_BoxCollider.hpp; sourceTree = "<group>"; };
		E1A8BB0E20F0F95D0009CFFB /* Quadtree.cpp */ = {isa = PBXFileReference; lastKnownFileType = sourcecode.cpp.cpp; path = Quadtree.cpp; sourceTree = "<group>"; };
		E1A8BB0F20F0F95D0009CFFB /* Quadtree.hpp */ = {isa = PBXFileReference; lastKnownFileType = sourcecode.cpp.h; path = Quadtree.hpp; sourceTree = "<group>"; };
		E1A8BB1120F10B230009CFFB /* C_InstanceID.cpp */ = {isa = PBXFileReference; lastKnownFileType = sourcecode.cpp.cpp; path = C_InstanceID.cpp; sourceTree = "<group>"; };
		E1A8BB1220F10B230009CFFB /* C_InstanceID.hpp */ = {isa = PBXFileReference; lastKnownFileType = sourcecode.cpp.h; path = C_InstanceID.hpp; sourceTree = "<group>"; };
		E1A8BB1720F1160D0009CFFB /* S_Collidable.cpp */ = {isa = PBXFileReference; lastKnownFileType = sourcecode.cpp.cpp; path = S_Collidable.cpp; sourceTree = "<group>"; };
		E1A8BB1820F1160D0009CFFB /* S_Collidable.hpp */ = {isa = PBXFileReference; lastKnownFileType = sourcecode.cpp.h; path = S_Collidable.hpp; sourceTree = "<group>"; };
		E1B2245621236FC4009F19C1 /* Path.tmx */ = {isa = PBXFileReference; fileEncoding = 4; lastKnownFileType = text.xml; path = Path.tmx; sourceTree = "<group>"; };
		E1B2245821236FC5009F19C1 /* City.tmx */ = {isa = PBXFileReference; fileEncoding = 4; lastKnownFileType = text.xml; path = City.tmx; sourceTree = "<group>"; };
		E1B2245921236FC5009F19C1 /* House Exterior.tmx */ = {isa = PBXFileReference; fileEncoding = 4; lastKnownFileType = text.xml; path = "House Exterior.tmx"; sourceTree = "<group>"; };
		E1B2245A21236FC5009F19C1 /* House Interior.tmx */ = {isa = PBXFileReference; fileEncoding = 4; lastKnownFileType = text.xml; path = "House Interior.tmx"; sourceTree = "<group>"; };
		E1B56A8220D93AB1000A3E29 /* Utilities.h */ = {isa = PBXFileReference; lastKnownFileType = sourcecode.c.h; path = Utilities.h; sourceTree = "<group>"; };
		E1BFB56D208E327500E2AB24 /* TileMapParser.cpp */ = {isa = PBXFileReference; lastKnownFileType = sourcecode.cpp.cpp; path = TileMapParser.cpp; sourceTree = "<group>"; };
		E1BFB56E208E327500E2AB24 /* TileMapParser.hpp */ = {isa = PBXFileReference; lastKnownFileType = sourcecode.cpp.h; path = TileMapParser.hpp; sourceTree = "<group>"; };
		E1BFB570208E330C00E2AB24 /* rapidxml_print.hpp */ = {isa = PBXFileReference; lastKnownFileType = sourcecode.cpp.h; path = rapidxml_print.hpp; sourceTree = "<group>"; };
		E1BFB571208E330C00E2AB24 /* rapidxml_utils.hpp */ = {isa = PBXFileReference; lastKnownFileType = sourcecode.cpp.h; path = rapidxml_utils.hpp; sourceTree = "<group>"; };
		E1BFB572208E330C00E2AB24 /* rapidxml_iterators.hpp */ = {isa = PBXFileReference; lastKnownFileType = sourcecode.cpp.h; path = rapidxml_iterators.hpp; sourceTree = "<group>"; };
		E1BFB573208E330D00E2AB24 /* rapidxml.hpp */ = {isa = PBXFileReference; lastKnownFileType = sourcecode.cpp.h; path = rapidxml.hpp; sourceTree = "<group>"; };
		E1C29B0E21349E630067816E /* C_ProjectileAttack.cpp */ = {isa = PBXFileReference; lastKnownFileType = sourcecode.cpp.cpp; path = C_ProjectileAttack.cpp; sourceTree = "<group>"; };
		E1C29B0F21349E630067816E /* C_ProjectileAttack.hpp */ = {isa = PBXFileReference; lastKnownFileType = sourcecode.cpp.h; path = C_ProjectileAttack.hpp; sourceTree = "<group>"; };
		E1C29B112134A6760067816E /* C_Velocity.cpp */ = {isa = PBXFileReference; lastKnownFileType = sourcecode.cpp.cpp; path = C_Velocity.cpp; sourceTree = "<group>"; };
		E1C29B122134A6760067816E /* C_Velocity.hpp */ = {isa = PBXFileReference; lastKnownFileType = sourcecode.cpp.h; path = C_Velocity.hpp; sourceTree = "<group>"; };
		E1C29B142134ADA70067816E /* C_MovementAnimation.cpp */ = {isa = PBXFileReference; lastKnownFileType = sourcecode.cpp.cpp; path = C_MovementAnimation.cpp; sourceTree = "<group>"; };
		E1C29B152134ADA70067816E /* C_MovementAnimation.hpp */ = {isa = PBXFileReference; lastKnownFileType = sourcecode.cpp.h; path = C_MovementAnimation.hpp; sourceTree = "<group>"; };
		E1C9BC57205A5E8E0074A696 /* ObjectCollection.cpp */ = {isa = PBXFileReference; lastKnownFileType = sourcecode.cpp.cpp; path = ObjectCollection.cpp; sourceTree = "<group>"; };
		E1C9BC58205A5E8E0074A696 /* ObjectCollection.hpp */ = {isa = PBXFileReference; lastKnownFileType = sourcecode.cpp.h; path = ObjectCollection.hpp; sourceTree = "<group>"; };
		E1CAFF222122E72200617A9E /* LPC */ = {isa = PBXFileReference; lastKnownFileType = folder; path = LPC; sourceTree = "<group>"; };
		E1CC41B220EFE9410066FB67 /* S_Drawable.cpp */ = {isa = PBXFileReference; lastKnownFileType = sourcecode.cpp.cpp; path = S_Drawable.cpp; sourceTree = "<group>"; };
		E1CC41B320EFE9410066FB67 /* S_Drawable.hpp */ = {isa = PBXFileReference; lastKnownFileType = sourcecode.cpp.h; path = S_Drawable.hpp; sourceTree = "<group>"; };
		E1CC41B620EFE9750066FB67 /* C_Drawable.cpp */ = {isa = PBXFileReference; lastKnownFileType = sourcecode.cpp.cpp; path = C_Drawable.cpp; sourceTree = "<group>"; };
		E1CC41B720EFE9750066FB67 /* C_Drawable.hpp */ = {isa = PBXFileReference; lastKnownFileType = sourcecode.cpp.h; path = C_Drawable.hpp; sourceTree = "<group>"; };
		E1CEC85D21218A440018BA16 /* C_Camera.cpp */ = {isa = PBXFileReference; lastKnownFileType = sourcecode.cpp.cpp; path = C_Camera.cpp; sourceTree = "<group>"; };
		E1CEC85E21218A440018BA16 /* C_Camera.hpp */ = {isa = PBXFileReference; lastKnownFileType = sourcecode.cpp.h; path = C_Camera.hpp; sourceTree = "<group>"; };
		E1DD50082056CDB700B96459 /* SceneSplashScreen.cpp */ = {isa = PBXFileReference; lastKnownFileType = sourcecode.cpp.cpp; path = SceneSplashScreen.cpp; sourceTree = "<group>"; };
		E1DD50092056CDB700B96459 /* SceneSplashScreen.hpp */ = {isa = PBXFileReference; lastKnownFileType = sourcecode.cpp.h; path = SceneSplashScreen.hpp; sourceTree = "<group>"; };
		E1DD500D2056D4A200B96459 /* SceneGame.cpp */ = {isa = PBXFileReference; lastKnownFileType = sourcecode.cpp.cpp; path = SceneGame.cpp; sourceTree = "<group>"; };
		E1DD500E2056D4A200B96459 /* SceneGame.hpp */ = {isa = PBXFileReference; lastKnownFileType = sourcecode.cpp.h; path = SceneGame.hpp; sourceTree = "<group>"; };
		E1DD50102056DA4D00B96459 /* that_games_guy_logo.png */ = {isa = PBXFileReference; lastKnownFileType = image.png; path = that_games_guy_logo.png; sourceTree = "<group>"; };
		E1E8058D207952B600EF4B2A /* Animation.cpp */ = {isa = PBXFileReference; lastKnownFileType = sourcecode.cpp.cpp; path = Animation.cpp; sourceTree = "<group>"; };
		E1E8058E207952B600EF4B2A /* Animation.hpp */ = {isa = PBXFileReference; lastKnownFileType = sourcecode.cpp.h; path = Animation.hpp; sourceTree = "<group>"; };
		E1E8059020795ABB00EF4B2A /* C_Animation.cpp */ = {isa = PBXFileReference; lastKnownFileType = sourcecode.cpp.cpp; path = C_Animation.cpp; sourceTree = "<group>"; };
		E1E8059120795ABB00EF4B2A /* C_Animation.hpp */ = {isa = PBXFileReference; lastKnownFileType = sourcecode.cpp.h; path = C_Animation.hpp; sourceTree = "<group>"; };
/* End PBXFileReference section */

/* Begin PBXFrameworksBuildPhase section */
		E168673C2028AA620099B64D /* Frameworks */ = {
			isa = PBXFrameworksBuildPhase;
			buildActionMask = 2147483647;
			files = (
				E1686766202B39510099B64D /* CoreFoundation.framework in Frameworks */,
			);
			runOnlyForDeploymentPostprocessing = 0;
		};
/* End PBXFrameworksBuildPhase section */

/* Begin PBXGroup section */
		E103660C20568CC600F3C0C9 /* Scenes */ = {
			isa = PBXGroup;
			children = (
				E103660E20568CD900F3C0C9 /* Scene.hpp */,
				E103661020568D7900F3C0C9 /* SceneStateMachine.cpp */,
				E103661120568D7900F3C0C9 /* SceneStateMachine.hpp */,
				E1DD50082056CDB700B96459 /* SceneSplashScreen.cpp */,
				E1DD50092056CDB700B96459 /* SceneSplashScreen.hpp */,
				E1DD500D2056D4A200B96459 /* SceneGame.cpp */,
				E1DD500E2056D4A200B96459 /* SceneGame.hpp */,
			);
			name = Scenes;
			sourceTree = "<group>";
		};
		E1632505213825DC00A31AA3 /* Hashes */ = {
			isa = PBXGroup;
			children = (
				E151B2342137EAA900BFE27A /* EnumClassHash.hpp */,
				E163250A213826AB00A31AA3 /* ComponentPairHash.hpp */,
			);
			name = Hashes;
			sourceTree = "<group>";
		};
		E16867362028AA620099B64D = {
			isa = PBXGroup;
			children = (
				E16867422028AA620099B64D /* that_game_engine */,
				E16867412028AA620099B64D /* Products */,
				E1686764202B39510099B64D /* Frameworks */,
			);
			sourceTree = "<group>";
		};
		E16867412028AA620099B64D /* Products */ = {
			isa = PBXGroup;
			children = (
				E16867402028AA620099B64D /* that game engine.app */,
			);
			name = Products;
			sourceTree = "<group>";
		};
		E16867422028AA620099B64D /* that_game_engine */ = {
			isa = PBXGroup;
			children = (
				E1632505213825DC00A31AA3 /* Hashes */,
				E1A117CC21243C750066F582 /* Data Structures */,
				E1BFB574208E331000E2AB24 /* XML Parser */,
				E1BFB56C208E325200E2AB24 /* Tile Map */,
				E1911E4B20594600000C8851 /* ECS */,
				E103660C20568CC600F3C0C9 /* Scenes */,
				E16867472028AA620099B64D /* WorkingDirectory.hpp */,
				E1686767202B3CCB0099B64D /* WorkingDirectory.cpp */,
				E168675A2028AC9C0099B64D /* Game.cpp */,
				E168675B2028AC9C0099B64D /* Game.hpp */,
				E1686769202B56EB0099B64D /* Window.cpp */,
				E168676A202B56EB0099B64D /* Window.hpp */,
				E1712FAF202CC85E0087F4B1 /* Input.cpp */,
				E1712FB0202CC85E0087F4B1 /* Input.hpp */,
				E1A4CEE02059ABFD007C89F8 /* ResourceAllocator.hpp */,
				E1C9BC57205A5E8E0074A696 /* ObjectCollection.cpp */,
				E1C9BC58205A5E8E0074A696 /* ObjectCollection.hpp */,
				E1E8058D207952B600EF4B2A /* Animation.cpp */,
				E1E8058E207952B600EF4B2A /* Animation.hpp */,
				E1B56A8220D93AB1000A3E29 /* Utilities.h */,
				E134531120F3BB11003B6C27 /* Debug.cpp */,
				E134531220F3BB11003B6C27 /* Debug.hpp */,
				E16867582028AB910099B64D /* Main.cpp */,
				E168674A2028AA620099B64D /* Resources */,
				E16867432028AA620099B64D /* Supporting Files */,
			);
			path = that_game_engine;
			sourceTree = "<group>";
		};
		E16867432028AA620099B64D /* Supporting Files */ = {
			isa = PBXGroup;
			children = (
				E16867442028AA620099B64D /* that game engine-Info.plist */,
			);
			name = "Supporting Files";
			sourceTree = "<group>";
		};
		E168674A2028AA620099B64D /* Resources */ = {
			isa = PBXGroup;
			children = (
				E1BFB569208E311700E2AB24 /* Tile Maps */,
				E168676C202B5B1C0099B64D /* Textures */,
			);
			name = Resources;
			sourceTree = "<group>";
		};
		E1686764202B39510099B64D /* Frameworks */ = {
			isa = PBXGroup;
			children = (
				E1686765202B39510099B64D /* CoreFoundation.framework */,
			);
			name = Frameworks;
			sourceTree = "<group>";
		};
		E168676C202B5B1C0099B64D /* Textures */ = {
			isa = PBXGroup;
			children = (
				E104F98A2123702B0002EA95 /* magecity.png */,
				E1CAFF222122E72200617A9E /* LPC */,
				E16839082121E1130051E440 /* Player.png */,
				E1A5ABDB20E15789001A90A3 /* Red Square.png */,
				E1DD50102056DA4D00B96459 /* that_games_guy_logo.png */,
			);
			name = Textures;
			sourceTree = "<group>";
		};
		E1911E4B20594600000C8851 /* ECS */ = {
			isa = PBXGroup;
			children = (
				E1CC41B520EFE9460066FB67 /* Systems */,
				E1911E4C205946AA000C8851 /* Components */,
				E1911E4520593F9D000C8851 /* Object.cpp */,
				E1911E4620593F9D000C8851 /* Object.hpp */,
				E1911E492059424C000C8851 /* Component.hpp */,
				E11921D72135953600A031A3 /* SharedContext.hpp */,
			);
			name = ECS;
			sourceTree = "<group>";
		};
		E1911E4C205946AA000C8851 /* Components */ = {
			isa = PBXGroup;
			children = (
				E1911E4D205958CB000C8851 /* C_Sprite.cpp */,
				E1911E4E205958CB000C8851 /* C_Sprite.hpp */,
				E1911E5320595F2A000C8851 /* C_Transform.cpp */,
				E1911E5420595F2A000C8851 /* C_Transform.hpp */,
				E1911E56205966C1000C8851 /* C_KeyboardMovement.cpp */,
				E1911E57205966C1000C8851 /* C_KeyboardMovement.hpp */,
				E1E8059020795ABB00EF4B2A /* C_Animation.cpp */,
				E1E8059120795ABB00EF4B2A /* C_Animation.hpp */,
				E1CC41B620EFE9750066FB67 /* C_Drawable.cpp */,
				E1CC41B720EFE9750066FB67 /* C_Drawable.hpp */,
				E1A8BB0520F0BDA20009CFFB /* C_Collider.cpp */,
				E1A8BB0620F0BDA20009CFFB /* C_Collider.hpp */,
				E1A8BB0820F0BF9D0009CFFB /* C_BoxCollider.cpp */,
				E1A8BB0920F0BF9D0009CFFB /* C_BoxCollider.hpp */,
				E1A8BB1120F10B230009CFFB /* C_InstanceID.cpp */,
				E1A8BB1220F10B230009CFFB /* C_InstanceID.hpp */,
				E1CEC85D21218A440018BA16 /* C_Camera.cpp */,
				E1CEC85E21218A440018BA16 /* C_Camera.hpp */,
				E1C29B0E21349E630067816E /* C_ProjectileAttack.cpp */,
				E1C29B0F21349E630067816E /* C_ProjectileAttack.hpp */,
				E1C29B112134A6760067816E /* C_Velocity.cpp */,
				E1C29B122134A6760067816E /* C_Velocity.hpp */,
				E1C29B142134ADA70067816E /* C_MovementAnimation.cpp */,
				E1C29B152134ADA70067816E /* C_MovementAnimation.hpp */,
				E18C75682136A3D4003997B1 /* C_Direction.cpp */,
				E18C75692136A3D4003997B1 /* C_Direction.hpp */,
				E151B2372138007600BFE27A /* C_Collidable.hpp */,
				E163250C2138601000A31AA3 /* C_RemoveObjectOnCollisionEnter.cpp */,
				E163250D2138601000A31AA3 /* C_RemoveObjectOnCollisionEnter.hpp */,
			);
			name = Components;
			sourceTree = "<group>";
		};
		E1A117CC21243C750066F582 /* Data Structures */ = {
			isa = PBXGroup;
			children = (
				E1A8BB0E20F0F95D0009CFFB /* Quadtree.cpp */,
				E1A8BB0F20F0F95D0009CFFB /* Quadtree.hpp */,
				E10BAA7F2052BB7900532801 /* Bitmask.cpp */,
				E10BAA802052BB7900532801 /* Bitmask.hpp */,
			);
			name = "Data Structures";
			sourceTree = "<group>";
		};
		E1BFB569208E311700E2AB24 /* Tile Maps */ = {
			isa = PBXGroup;
			children = (
				E1B2245821236FC5009F19C1 /* City.tmx */,
				E1B2245921236FC5009F19C1 /* House Exterior.tmx */,
				E1B2245A21236FC5009F19C1 /* House Interior.tmx */,
				E1B2245621236FC4009F19C1 /* Path.tmx */,
			);
			name = "Tile Maps";
			sourceTree = "<group>";
		};
		E1BFB56C208E325200E2AB24 /* Tile Map */ = {
			isa = PBXGroup;
			children = (
				E1BFB56D208E327500E2AB24 /* TileMapParser.cpp */,
				E1BFB56E208E327500E2AB24 /* TileMapParser.hpp */,
				E14D5A3420D92B7500E54559 /* Tile.h */,
			);
			name = "Tile Map";
			sourceTree = "<group>";
		};
		E1BFB574208E331000E2AB24 /* XML Parser */ = {
			isa = PBXGroup;
			children = (
				E1BFB572208E330C00E2AB24 /* rapidxml_iterators.hpp */,
				E1BFB570208E330C00E2AB24 /* rapidxml_print.hpp */,
				E1BFB571208E330C00E2AB24 /* rapidxml_utils.hpp */,
				E1BFB573208E330D00E2AB24 /* rapidxml.hpp */,
			);
			name = "XML Parser";
			sourceTree = "<group>";
		};
		E1CC41B520EFE9460066FB67 /* Systems */ = {
			isa = PBXGroup;
			children = (
				E1CC41B220EFE9410066FB67 /* S_Drawable.cpp */,
				E1CC41B320EFE9410066FB67 /* S_Drawable.hpp */,
				E1A8BB1720F1160D0009CFFB /* S_Collidable.cpp */,
				E1A8BB1820F1160D0009CFFB /* S_Collidable.hpp */,
			);
			name = Systems;
			sourceTree = "<group>";
		};
/* End PBXGroup section */

/* Begin PBXNativeTarget section */
		E168673F2028AA620099B64D /* that game engine */ = {
			isa = PBXNativeTarget;
			buildConfigurationList = E16867552028AA620099B64D /* Build configuration list for PBXNativeTarget "that game engine" */;
			buildPhases = (
				E168673B2028AA620099B64D /* Sources */,
				E168673C2028AA620099B64D /* Frameworks */,
				E168673D2028AA620099B64D /* Resources */,
				E168673E2028AA620099B64D /* ShellScript */,
			);
			buildRules = (
			);
			dependencies = (
			);
			name = "that game engine";
			productName = that_platform_game;
			productReference = E16867402028AA620099B64D /* that game engine.app */;
			productType = "com.apple.product-type.application";
		};
/* End PBXNativeTarget section */

/* Begin PBXProject section */
		E16867372028AA620099B64D /* Project object */ = {
			isa = PBXProject;
			attributes = {
				LastUpgradeCheck = 1000;
				ORGANIZATIONNAME = "Robert Wells";
				TargetAttributes = {
					E168673F2028AA620099B64D = {
						CreatedOnToolsVersion = 9.2;
						ProvisioningStyle = Automatic;
					};
				};
			};
			buildConfigurationList = E168673A2028AA620099B64D /* Build configuration list for PBXProject "that game engine" */;
			compatibilityVersion = "Xcode 8.0";
			developmentRegion = en;
			hasScannedForEncodings = 0;
			knownRegions = (
				en,
			);
			mainGroup = E16867362028AA620099B64D;
			productRefGroup = E16867412028AA620099B64D /* Products */;
			projectDirPath = "";
			projectRoot = "";
			targets = (
				E168673F2028AA620099B64D /* that game engine */,
			);
		};
/* End PBXProject section */

/* Begin PBXResourcesBuildPhase section */
		E168673D2028AA620099B64D /* Resources */ = {
			isa = PBXResourcesBuildPhase;
			buildActionMask = 2147483647;
			files = (
				E1CAFF232122E72300617A9E /* LPC in Resources */,
				E1B2245E21236FC5009F19C1 /* City.tmx in Resources */,
				E1B2245C21236FC5009F19C1 /* Path.tmx in Resources */,
				E1A5ABDC20E15789001A90A3 /* Red Square.png in Resources */,
				E104F98B2123702B0002EA95 /* magecity.png in Resources */,
				E1B2246021236FC5009F19C1 /* House Interior.tmx in Resources */,
				E16839092121E1140051E440 /* Player.png in Resources */,
				E1DD50112056DA4D00B96459 /* that_games_guy_logo.png in Resources */,
				E1B2245F21236FC5009F19C1 /* House Exterior.tmx in Resources */,
			);
			runOnlyForDeploymentPostprocessing = 0;
		};
/* End PBXResourcesBuildPhase section */

/* Begin PBXShellScriptBuildPhase section */
		E168673E2028AA620099B64D /* ShellScript */ = {
			isa = PBXShellScriptBuildPhase;
			buildActionMask = 2147483647;
			files = (
			);
			inputPaths = (
			);
			outputPaths = (
			);
			runOnlyForDeploymentPostprocessing = 0;
			shellPath = /bin/sh;
			shellScript = "# This shell script simply copies required SFML dylibs/frameworks into the application bundle frameworks folder.\n# If you're using static libraries (which is not recommended) you should remove this script from your project.\n\n# SETTINGS\nCMAKE_INSTALL_FRAMEWORK_PREFIX=\"/Library/Frameworks\"\nCMAKE_INSTALL_LIB_PREFIX=\"/usr/local/lib\"\nFRAMEWORKS_FULL_PATH=\"$BUILT_PRODUCTS_DIR/$FRAMEWORKS_FOLDER_PATH/\"\n\n# Are we building a project that uses frameworks or dylibs?\ncase \"$SFML_BINARY_TYPE\" in\n    DYLIBS)\n        frameworks=\"false\"\n        ;;\n    *)\n        frameworks=\"true\"\n        ;;\nesac\n\n# Echoes to stderr\nerror () # $* message to display\n{\n    echo $* 1>&2\n    exit 2\n}\n\nassert () # $1 is a boolean, $2...N is an error message\n{\n    if [ $# -lt 2 ]\n    then\n        error \"Internal error in assert: not enough args\"\n    fi\n\n    if [ $1 -ne 0 ]\n    then\n        shift\n        error \"$*\"\n    fi\n}\n\nforce_remove () # $@ is some paths\n{\n    test $# -ge 1\n    assert $? \"force_remove() requires at least one parameter\"\n    rm -fr $@\n    assert $? \"couldn't remove $@\"\n}\n\ncopy () # $1 is a source, $2 is a destination\n{\n    test $# -eq 2\n    assert $? \"copy() requires two parameters\"\n    ditto \"$1\" \"$2\"\n    assert $? \"couldn't copy $1 to $2\"\n}\n\nrequire () # $1 is a SFML module like 'system' or 'audio'\n{\n    dest=\"$BUILT_PRODUCTS_DIR/$FRAMEWORKS_FOLDER_PATH/\"\n\n    if [ -z \"$1\" ]\n    then\n        error \"require() requires one parameter!\"\n    else\n        # clean potentially old stuff\n        force_remove \"$dest/libsfml-$1\"*\n        force_remove \"$dest/sfml-$1.framework\"\n\n        # copy SFML libraries\n        if [ \"$frameworks\" = \"true\" ]\n        then\n            source=\"$CMAKE_INSTALL_FRAMEWORK_PREFIX/sfml-$1.framework\"\n            target=\"sfml-$1.framework\"\n        elif [ \"$SFML_LINK_DYLIBS_SUFFIX\" = \"-d\" ]\n        then\n            source=\"$CMAKE_INSTALL_LIB_PREFIX/libsfml-$1-d.dylib\"\n            target=\"`readlink $source`\"\n        else\n            source=\"$CMAKE_INSTALL_LIB_PREFIX/libsfml-$1.dylib\"\n            target=\"`readlink $source`\"\n        fi\n\n        copy \"$source\" \"$dest/$target\"\n\n        # copy extra dependencies\n        if [ \"$1\" = \"audio\" ]\n        then\n            # copy \"FLAC\" \"ogg\" \"vorbis\" \"vorbisenc\" \"vorbisfile\" \"OpenAL\" frameworks too\n            for f in \"FLAC\" \"ogg\" \"vorbis\" \"vorbisenc\" \"vorbisfile\" \"OpenAL\"\n            do\n                copy \"$CMAKE_INSTALL_FRAMEWORK_PREFIX/$f.framework\" \"$dest/$f.framework\"\n            done\n        elif [ \"$1\" = \"graphics\" ]\n        then\n            copy \"$CMAKE_INSTALL_FRAMEWORK_PREFIX/freetype.framework\" \"$dest/freetype.framework\"\n        fi\n    fi\n}\n\nif [ -n \"$SFML_SYSTEM\" ]\nthen\n    require \"system\"\nfi\n\nif [ -n \"$SFML_AUDIO\" ]\nthen\n    require \"audio\"\nfi\n\nif [ -n \"$SFML_NETWORK\" ]\nthen\n    require \"network\"\nfi\n\nif [ -n \"$SFML_WINDOW\" ]\nthen\n    require \"window\"\nfi\n\nif [ -n \"$SFML_GRAPHICS\" ]\nthen\n    require \"graphics\"\nfi\n\n                ";
		};
/* End PBXShellScriptBuildPhase section */

/* Begin PBXSourcesBuildPhase section */
		E168673B2028AA620099B64D /* Sources */ = {
			isa = PBXSourcesBuildPhase;
			buildActionMask = 2147483647;
			files = (
				E1CC41B420EFE9410066FB67 /* S_Drawable.cpp in Sources */,
				E134531320F3BB11003B6C27 /* Debug.cpp in Sources */,
				E1A8BB0720F0BDA20009CFFB /* C_Collider.cpp in Sources */,
				E1E8059220795ABB00EF4B2A /* C_Animation.cpp in Sources */,
				E1712FB1202CC85E0087F4B1 /* Input.cpp in Sources */,
				E163250E2138601000A31AA3 /* C_RemoveObjectOnCollisionEnter.cpp in Sources */,
				E16867612028B66C0099B64D /* WorkingDirectory.hpp in Sources */,
				E1C29B132134A6760067816E /* C_Velocity.cpp in Sources */,
				E1A8BB1320F10B230009CFFB /* C_InstanceID.cpp in Sources */,
				E1911E4720593F9D000C8851 /* Object.cpp in Sources */,
				E103661220568D7900F3C0C9 /* SceneStateMachine.cpp in Sources */,
				E1A8BB1020F0F95D0009CFFB /* Quadtree.cpp in Sources */,
				E1A8BB1920F1160D0009CFFB /* S_Collidable.cpp in Sources */,
				E1BFB56F208E327500E2AB24 /* TileMapParser.cpp in Sources */,
				E1DD500A2056CDB700B96459 /* SceneSplashScreen.cpp in Sources */,
				E1DD500F2056D4A200B96459 /* SceneGame.cpp in Sources */,
				E1C29B1021349E630067816E /* C_ProjectileAttack.cpp in Sources */,
				E1911E4F205958CB000C8851 /* C_Sprite.cpp in Sources */,
				E18C756A2136A3D4003997B1 /* C_Direction.cpp in Sources */,
				E1911E58205966C1000C8851 /* C_KeyboardMovement.cpp in Sources */,
				E1CC41B820EFE9750066FB67 /* C_Drawable.cpp in Sources */,
				E1C29B162134ADA70067816E /* C_MovementAnimation.cpp in Sources */,
				E1CEC85F21218A440018BA16 /* C_Camera.cpp in Sources */,
				E1A8BB0A20F0BF9D0009CFFB /* C_BoxCollider.cpp in Sources */,
				E168676B202B56EB0099B64D /* Window.cpp in Sources */,
				E168675C2028AC9C0099B64D /* Game.cpp in Sources */,
				E1C9BC59205A5E8E0074A696 /* ObjectCollection.cpp in Sources */,
				E1686768202B3CCB0099B64D /* WorkingDirectory.cpp in Sources */,
				E10BAA812052BB7900532801 /* Bitmask.cpp in Sources */,
				E16867592028AB910099B64D /* Main.cpp in Sources */,
				E1E8058F207952B600EF4B2A /* Animation.cpp in Sources */,
				E1911E5520595F2A000C8851 /* C_Transform.cpp in Sources */,
			);
			runOnlyForDeploymentPostprocessing = 0;
		};
/* End PBXSourcesBuildPhase section */

/* Begin XCBuildConfiguration section */
		E16867532028AA620099B64D /* Debug */ = {
			isa = XCBuildConfiguration;
			buildSettings = {
				CLANG_CXX_LANGUAGE_STANDARD = "c++0x";
				CLANG_CXX_LIBRARY = "libc++";
				CLANG_WARN_BLOCK_CAPTURE_AUTORELEASING = YES;
				CLANG_WARN_BOOL_CONVERSION = YES;
				CLANG_WARN_COMMA = YES;
				CLANG_WARN_CONSTANT_CONVERSION = YES;
				CLANG_WARN_DEPRECATED_OBJC_IMPLEMENTATIONS = YES;
				CLANG_WARN_EMPTY_BODY = YES;
				CLANG_WARN_ENUM_CONVERSION = YES;
				CLANG_WARN_INFINITE_RECURSION = YES;
				CLANG_WARN_INT_CONVERSION = YES;
				CLANG_WARN_NON_LITERAL_NULL_CONVERSION = YES;
				CLANG_WARN_OBJC_IMPLICIT_RETAIN_SELF = YES;
				CLANG_WARN_OBJC_LITERAL_CONVERSION = YES;
				CLANG_WARN_RANGE_LOOP_ANALYSIS = YES;
				CLANG_WARN_STRICT_PROTOTYPES = YES;
				CLANG_WARN_SUSPICIOUS_MOVE = YES;
				CLANG_WARN_UNREACHABLE_CODE = YES;
				CLANG_WARN__DUPLICATE_METHOD_MATCH = YES;
				ENABLE_STRICT_OBJC_MSGSEND = YES;
				ENABLE_TESTABILITY = YES;
				FRAMEWORK_SEARCH_PATHS = (
					/Library/Frameworks/,
					"$(inherited)",
				);
				GCC_NO_COMMON_BLOCKS = YES;
				GCC_VERSION = com.apple.compilers.llvm.clang.1_0;
				GCC_WARN_64_TO_32_BIT_CONVERSION = YES;
				GCC_WARN_ABOUT_RETURN_TYPE = YES;
				GCC_WARN_UNDECLARED_SELECTOR = YES;
				GCC_WARN_UNINITIALIZED_AUTOS = YES;
				GCC_WARN_UNUSED_FUNCTION = YES;
				GCC_WARN_UNUSED_VARIABLE = YES;
				HEADER_SEARCH_PATHS = (
					/usr/local/include/,
					"$(inherited)",
				);
				LIBRARY_SEARCH_PATHS = (
					/usr/local/lib/,
					"$(inherited)",
				);
				MACOSX_DEPLOYMENT_TARGET = 10.7;
				ONLY_ACTIVE_ARCH = YES;
				OTHER_LDFLAGS = (
					"$(inherited)",
					"$(SFML_SYSTEM)",
					"$(SFML_WINDOW)",
					"$(SFML_GRAPHICS)",
					"$(SFML_AUDIO)",
					"$(SFML_NETWORK)",
				);
				SFML_AUDIO = "$(SFML_LINK_PREFIX) sfml-audio$(SFML_LINK_SUFFIX)";
				SFML_BINARY_TYPE = FRAMEWORKS;
				SFML_GRAPHICS = "$(SFML_LINK_PREFIX) sfml-graphics$(SFML_LINK_SUFFIX)";
				SFML_LINK_DYLIBS_PREFIX = "-l";
				SFML_LINK_DYLIBS_SUFFIX = "";
				SFML_LINK_FRAMEWORKS_PREFIX = "-framework";
				SFML_LINK_FRAMEWORKS_SUFFIX = "";
				SFML_LINK_PREFIX = "$(SFML_LINK_$(SFML_BINARY_TYPE)_PREFIX)";
				SFML_LINK_SUFFIX = "$(SFML_LINK_$(SFML_BINARY_TYPE)_SUFFIX)";
				SFML_NETWORK = "$(SFML_LINK_PREFIX) sfml-network$(SFML_LINK_SUFFIX)";
				SFML_SYSTEM = "$(SFML_LINK_PREFIX) sfml-system$(SFML_LINK_SUFFIX)";
				SFML_WINDOW = "$(SFML_LINK_PREFIX) sfml-window$(SFML_LINK_SUFFIX)";
				SUPPORTED_PLATFORMS = macosx;
			};
			name = Debug;
		};
		E16867542028AA620099B64D /* Release */ = {
			isa = XCBuildConfiguration;
			buildSettings = {
				CLANG_CXX_LANGUAGE_STANDARD = "c++0x";
				CLANG_CXX_LIBRARY = "libc++";
				CLANG_WARN_BLOCK_CAPTURE_AUTORELEASING = YES;
				CLANG_WARN_BOOL_CONVERSION = YES;
				CLANG_WARN_COMMA = YES;
				CLANG_WARN_CONSTANT_CONVERSION = YES;
				CLANG_WARN_DEPRECATED_OBJC_IMPLEMENTATIONS = YES;
				CLANG_WARN_EMPTY_BODY = YES;
				CLANG_WARN_ENUM_CONVERSION = YES;
				CLANG_WARN_INFINITE_RECURSION = YES;
				CLANG_WARN_INT_CONVERSION = YES;
				CLANG_WARN_NON_LITERAL_NULL_CONVERSION = YES;
				CLANG_WARN_OBJC_IMPLICIT_RETAIN_SELF = YES;
				CLANG_WARN_OBJC_LITERAL_CONVERSION = YES;
				CLANG_WARN_RANGE_LOOP_ANALYSIS = YES;
				CLANG_WARN_STRICT_PROTOTYPES = YES;
				CLANG_WARN_SUSPICIOUS_MOVE = YES;
				CLANG_WARN_UNREACHABLE_CODE = YES;
				CLANG_WARN__DUPLICATE_METHOD_MATCH = YES;
				ENABLE_STRICT_OBJC_MSGSEND = YES;
				FRAMEWORK_SEARCH_PATHS = (
					/Library/Frameworks/,
					"$(inherited)",
				);
				GCC_NO_COMMON_BLOCKS = YES;
				GCC_VERSION = com.apple.compilers.llvm.clang.1_0;
				GCC_WARN_64_TO_32_BIT_CONVERSION = YES;
				GCC_WARN_ABOUT_RETURN_TYPE = YES;
				GCC_WARN_UNDECLARED_SELECTOR = YES;
				GCC_WARN_UNINITIALIZED_AUTOS = YES;
				GCC_WARN_UNUSED_FUNCTION = YES;
				GCC_WARN_UNUSED_VARIABLE = YES;
				HEADER_SEARCH_PATHS = (
					/usr/local/include/,
					"$(inherited)",
				);
				LIBRARY_SEARCH_PATHS = (
					/usr/local/lib/,
					"$(inherited)",
				);
				MACOSX_DEPLOYMENT_TARGET = 10.7;
				OTHER_LDFLAGS = (
					"$(inherited)",
					"$(SFML_SYSTEM)",
					"$(SFML_WINDOW)",
					"$(SFML_GRAPHICS)",
					"$(SFML_AUDIO)",
					"$(SFML_NETWORK)",
				);
				SFML_AUDIO = "$(SFML_LINK_PREFIX) sfml-audio$(SFML_LINK_SUFFIX)";
				SFML_BINARY_TYPE = FRAMEWORKS;
				SFML_GRAPHICS = "$(SFML_LINK_PREFIX) sfml-graphics$(SFML_LINK_SUFFIX)";
				SFML_LINK_DYLIBS_PREFIX = "-l";
				SFML_LINK_DYLIBS_SUFFIX = "";
				SFML_LINK_FRAMEWORKS_PREFIX = "-framework";
				SFML_LINK_FRAMEWORKS_SUFFIX = "";
				SFML_LINK_PREFIX = "$(SFML_LINK_$(SFML_BINARY_TYPE)_PREFIX)";
				SFML_LINK_SUFFIX = "$(SFML_LINK_$(SFML_BINARY_TYPE)_SUFFIX)";
				SFML_NETWORK = "$(SFML_LINK_PREFIX) sfml-network$(SFML_LINK_SUFFIX)";
				SFML_SYSTEM = "$(SFML_LINK_PREFIX) sfml-system$(SFML_LINK_SUFFIX)";
				SFML_WINDOW = "$(SFML_LINK_PREFIX) sfml-window$(SFML_LINK_SUFFIX)";
				SUPPORTED_PLATFORMS = macosx;
			};
			name = Release;
		};
		E16867562028AA620099B64D /* Debug */ = {
			isa = XCBuildConfiguration;
			buildSettings = {
				CLANG_CXX_LANGUAGE_STANDARD = "c++0x";
				CLANG_ENABLE_OBJC_WEAK = YES;
				CODE_SIGN_STYLE = Automatic;
				DEVELOPMENT_TEAM = "";
				GCC_OPTIMIZATION_LEVEL = 0;
				INFOPLIST_FILE = "$(SRCROOT)/that_game_engine/that game engine-Info.plist";
				LD_RUNPATH_SEARCH_PATHS = "@loader_path/../Frameworks";
				MACOSX_DEPLOYMENT_TARGET = 10.7;
				OTHER_CFLAGS = (
					"-D",
					MACOS,
				);
				PRODUCT_BUNDLE_IDENTIFIER = "com.thatgamesguy.that-game-engine";
				PRODUCT_NAME = "$(TARGET_NAME)";
			};
			name = Debug;
		};
		E16867572028AA620099B64D /* Release */ = {
			isa = XCBuildConfiguration;
			buildSettings = {
				CLANG_CXX_LANGUAGE_STANDARD = "c++0x";
				CLANG_ENABLE_OBJC_WEAK = YES;
				CODE_SIGN_STYLE = Automatic;
				DEVELOPMENT_TEAM = "";
				GCC_OPTIMIZATION_LEVEL = 0;
				INFOPLIST_FILE = "$(SRCROOT)/that_game_engine/that game engine-Info.plist";
				LD_RUNPATH_SEARCH_PATHS = "@loader_path/../Frameworks";
				MACOSX_DEPLOYMENT_TARGET = 10.7;
				OTHER_CFLAGS = (
					"-D",
					MACOS,
				);
				PRODUCT_BUNDLE_IDENTIFIER = "com.thatgamesguy.that-game-engine";
				PRODUCT_NAME = "$(TARGET_NAME)";
			};
			name = Release;
		};
/* End XCBuildConfiguration section */

/* Begin XCConfigurationList section */
		E168673A2028AA620099B64D /* Build configuration list for PBXProject "that game engine" */ = {
			isa = XCConfigurationList;
			buildConfigurations = (
				E16867532028AA620099B64D /* Debug */,
				E16867542028AA620099B64D /* Release */,
			);
			defaultConfigurationIsVisible = 0;
			defaultConfigurationName = Release;
		};
		E16867552028AA620099B64D /* Build configuration list for PBXNativeTarget "that game engine" */ = {
			isa = XCConfigurationList;
			buildConfigurations = (
				E16867562028AA620099B64D /* Debug */,
				E16867572028AA620099B64D /* Release */,
			);
			defaultConfigurationIsVisible = 0;
			defaultConfigurationName = Release;
		};
/* End XCConfigurationList section */
	};
	rootObject = E16867372028AA620099B64D /* Project object */;
}
